
Microsoft Visual Studio Solution File, Format Version 12.00
# Visual Studio 14
VisualStudioVersion = 14.0.25420.1
MinimumVisualStudioVersion = 10.0.40219.1
Project("{FAE04EC0-301F-11D3-BF4B-00C04F79EFBC}") = "FancyCameraApp.Droid", "FancyCameraApp\FancyCameraApp.Droid\FancyCameraApp.Droid.csproj", "{1D81C042-ECC0-4724-9603-E313942BD516}"
EndProject
Project("{FAE04EC0-301F-11D3-BF4B-00C04F79EFBC}") = "FancyCameraApp.iOS", "FancyCameraApp\FancyCameraApp.iOS\FancyCameraApp.iOS.csproj", "{8EDC81A5-64CC-4A2F-B870-460F4434721E}"
EndProject
Project("{FAE04EC0-301F-11D3-BF4B-00C04F79EFBC}") = "FancyCameraApp.WinPhone", "FancyCameraApp\FancyCameraApp.WinPhone\FancyCameraApp.WinPhone.csproj", "{2660A9F2-5DC1-484C-B523-6D789AC58D0B}"
EndProject
Project("{FAE04EC0-301F-11D3-BF4B-00C04F79EFBC}") = "FancyCameraApp", "FancyCameraApp\FancyCameraApp\FancyCameraApp.csproj", "{BADF5795-23A4-4000-97B0-FE7E50D8E2C2}"
EndProject
Global
	GlobalSection(SolutionConfigurationPlatforms) = preSolution
		Debug|Any CPU = Debug|Any CPU
		Debug|ARM = Debug|ARM
		Debug|iPhone = Debug|iPhone
		Debug|iPhoneSimulator = Debug|iPhoneSimulator
		Debug|x86 = Debug|x86
		Release|Any CPU = Release|Any CPU
		Release|ARM = Release|ARM
		Release|iPhone = Release|iPhone
		Release|iPhoneSimulator = Release|iPhoneSimulator
		Release|x86 = Release|x86
	EndGlobalSection
	GlobalSection(ProjectConfigurationPlatforms) = postSolution
		{1D81C042-ECC0-4724-9603-E313942BD516}.Debug|Any CPU.ActiveCfg = Debug|Any CPU
		{1D81C042-ECC0-4724-9603-E313942BD516}.Debug|Any CPU.Build.0 = Debug|Any CPU
		{1D81C042-ECC0-4724-9603-E313942BD516}.Debug|Any CPU.Deploy.0 = Debug|Any CPU
		{1D81C042-ECC0-4724-9603-E313942BD516}.Debug|ARM.ActiveCfg = Debug|Any CPU
		{1D81C042-ECC0-4724-9603-E313942BD516}.Debug|ARM.Build.0 = Debug|Any CPU
		{1D81C042-ECC0-4724-9603-E313942BD516}.Debug|ARM.Deploy.0 = Debug|Any CPU
		{1D81C042-ECC0-4724-9603-E313942BD516}.Debug|iPhone.ActiveCfg = Debug|Any CPU
		{1D81C042-ECC0-4724-9603-E313942BD516}.Debug|iPhone.Build.0 = Debug|Any CPU
		{1D81C042-ECC0-4724-9603-E313942BD516}.Debug|iPhone.Deploy.0 = Debug|Any CPU
		{1D81C042-ECC0-4724-9603-E313942BD516}.Debug|iPhoneSimulator.ActiveCfg = Debug|Any CPU
		{1D81C042-ECC0-4724-9603-E313942BD516}.Debug|iPhoneSimulator.Build.0 = Debug|Any CPU
		{1D81C042-ECC0-4724-9603-E313942BD516}.Debug|iPhoneSimulator.Deploy.0 = Debug|Any CPU
		{1D81C042-ECC0-4724-9603-E313942BD516}.Debug|x86.ActiveCfg = Debug|Any CPU
		{1D81C042-ECC0-4724-9603-E313942BD516}.Debug|x86.Build.0 = Debug|Any CPU
		{1D81C042-ECC0-4724-9603-E313942BD516}.Debug|x86.Deploy.0 = Debug|Any CPU
		{1D81C042-ECC0-4724-9603-E313942BD516}.Release|Any CPU.ActiveCfg = Release|Any CPU
		{1D81C042-ECC0-4724-9603-E313942BD516}.Release|Any CPU.Build.0 = Release|Any CPU
		{1D81C042-ECC0-4724-9603-E313942BD516}.Release|Any CPU.Deploy.0 = Release|Any CPU
		{1D81C042-ECC0-4724-9603-E313942BD516}.Release|ARM.ActiveCfg = Release|Any CPU
		{1D81C042-ECC0-4724-9603-E313942BD516}.Release|ARM.Build.0 = Release|Any CPU
		{1D81C042-ECC0-4724-9603-E313942BD516}.Release|ARM.Deploy.0 = Release|Any CPU
		{1D81C042-ECC0-4724-9603-E313942BD516}.Release|iPhone.ActiveCfg = Release|Any CPU
		{1D81C042-ECC0-4724-9603-E313942BD516}.Release|iPhone.Build.0 = Release|Any CPU
		{1D81C042-ECC0-4724-9603-E313942BD516}.Release|iPhone.Deploy.0 = Release|Any CPU
		{1D81C042-ECC0-4724-9603-E313942BD516}.Release|iPhoneSimulator.ActiveCfg = Release|Any CPU
		{1D81C042-ECC0-4724-9603-E313942BD516}.Release|iPhoneSimulator.Build.0 = Release|Any CPU
		{1D81C042-ECC0-4724-9603-E313942BD516}.Release|iPhoneSimulator.Deploy.0 = Release|Any CPU
		{1D81C042-ECC0-4724-9603-E313942BD516}.Release|x86.ActiveCfg = Release|Any CPU
		{1D81C042-ECC0-4724-9603-E313942BD516}.Release|x86.Build.0 = Release|Any CPU
		{1D81C042-ECC0-4724-9603-E313942BD516}.Release|x86.Deploy.0 = Release|Any CPU
		{8EDC81A5-64CC-4A2F-B870-460F4434721E}.Debug|Any CPU.ActiveCfg = Debug|iPhone
		{8EDC81A5-64CC-4A2F-B870-460F4434721E}.Debug|ARM.ActiveCfg = Debug|iPhone
		{8EDC81A5-64CC-4A2F-B870-460F4434721E}.Debug|iPhone.ActiveCfg = Debug|iPhone
		{8EDC81A5-64CC-4A2F-B870-460F4434721E}.Debug|iPhone.Build.0 = Debug|iPhone
		{8EDC81A5-64CC-4A2F-B870-460F4434721E}.Debug|iPhoneSimulator.ActiveCfg = Debug|iPhoneSimulator
		{8EDC81A5-64CC-4A2F-B870-460F4434721E}.Debug|iPhoneSimulator.Build.0 = Debug|iPhoneSimulator
		{8EDC81A5-64CC-4A2F-B870-460F4434721E}.Debug|x86.ActiveCfg = Debug|iPhone
		{8EDC81A5-64CC-4A2F-B870-460F4434721E}.Release|Any CPU.ActiveCfg = Release|iPhone
		{8EDC81A5-64CC-4A2F-B870-460F4434721E}.Release|ARM.ActiveCfg = Release|iPhone
		{8EDC81A5-64CC-4A2F-B870-460F4434721E}.Release|iPhone.ActiveCfg = Release|iPhone
		{8EDC81A5-64CC-4A2F-B870-460F4434721E}.Release|iPhone.Build.0 = Release|iPhone
		{8EDC81A5-64CC-4A2F-B870-460F4434721E}.Release|iPhoneSimulator.ActiveCfg = Release|iPhoneSimulator
		{8EDC81A5-64CC-4A2F-B870-460F4434721E}.Release|iPhoneSimulator.Build.0 = Release|iPhoneSimulator
		{8EDC81A5-64CC-4A2F-B870-460F4434721E}.Release|x86.ActiveCfg = Release|iPhone
		{2660A9F2-5DC1-484C-B523-6D789AC58D0B}.Debug|Any CPU.ActiveCfg = Debug|Any CPU
		{2660A9F2-5DC1-484C-B523-6D789AC58D0B}.Debug|Any CPU.Build.0 = Debug|Any CPU
		{2660A9F2-5DC1-484C-B523-6D789AC58D0B}.Debug|Any CPU.Deploy.0 = Debug|Any CPU
		{2660A9F2-5DC1-484C-B523-6D789AC58D0B}.Debug|ARM.ActiveCfg = Debug|ARM
		{2660A9F2-5DC1-484C-B523-6D789AC58D0B}.Debug|ARM.Build.0 = Debug|ARM
		{2660A9F2-5DC1-484C-B523-6D789AC58D0B}.Debug|ARM.Deploy.0 = Debug|ARM
		{2660A9F2-5DC1-484C-B523-6D789AC58D0B}.Debug|iPhone.ActiveCfg = Debug|Any CPU
		{2660A9F2-5DC1-484C-B523-6D789AC58D0B}.Debug|iPhone.Build.0 = Debug|Any CPU
		{2660A9F2-5DC1-484C-B523-6D789AC58D0B}.Debug|iPhone.Deploy.0 = Debug|Any CPU
		{2660A9F2-5DC1-484C-B523-6D789AC58D0B}.Debug|iPhoneSimulator.ActiveCfg = Debug|Any CPU
		{2660A9F2-5DC1-484C-B523-6D789AC58D0B}.Debug|iPhoneSimulator.Build.0 = Debug|Any CPU
		{2660A9F2-5DC1-484C-B523-6D789AC58D0B}.Debug|iPhoneSimulator.Deploy.0 = Debug|Any CPU
		{2660A9F2-5DC1-484C-B523-6D789AC58D0B}.Debug|x86.ActiveCfg = Debug|x86
		{2660A9F2-5DC1-484C-B523-6D789AC58D0B}.Debug|x86.Build.0 = Debug|x86
		{2660A9F2-5DC1-484C-B523-6D789AC58D0B}.Debug|x86.Deploy.0 = Debug|x86
		{2660A9F2-5DC1-484C-B523-6D789AC58D0B}.Release|Any CPU.ActiveCfg = Release|Any CPU
		{2660A9F2-5DC1-484C-B523-6D789AC58D0B}.Release|Any CPU.Build.0 = Release|Any CPU
		{2660A9F2-5DC1-484C-B523-6D789AC58D0B}.Release|Any CPU.Deploy.0 = Release|Any CPU
		{2660A9F2-5DC1-484C-B523-6D789AC58D0B}.Release|ARM.ActiveCfg = Release|ARM
		{2660A9F2-5DC1-484C-B523-6D789AC58D0B}.Release|ARM.Build.0 = Release|ARM
		{2660A9F2-5DC1-484C-B523-6D789AC58D0B}.Release|ARM.Deploy.0 = Release|ARM
		{2660A9F2-5DC1-484C-B523-6D789AC58D0B}.Release|iPhone.ActiveCfg = Release|Any CPU
		{2660A9F2-5DC1-484C-B523-6D789AC58D0B}.Release|iPhone.Build.0 = Release|Any CPU
		{2660A9F2-5DC1-484C-B523-6D789AC58D0B}.Release|iPhone.Deploy.0 = Release|Any CPU
		{2660A9F2-5DC1-484C-B523-6D789AC58D0B}.Release|iPhoneSimulator.ActiveCfg = Release|Any CPU
		{2660A9F2-5DC1-484C-B523-6D789AC58D0B}.Release|iPhoneSimulator.Build.0 = Release|Any CPU
		{2660A9F2-5DC1-484C-B523-6D789AC58D0B}.Release|iPhoneSimulator.Deploy.0 = Release|Any CPU
		{2660A9F2-5DC1-484C-B523-6D789AC58D0B}.Release|x86.ActiveCfg = Release|x86
		{2660A9F2-5DC1-484C-B523-6D789AC58D0B}.Release|x86.Build.0 = Release|x86
		{2660A9F2-5DC1-484C-B523-6D789AC58D0B}.Release|x86.Deploy.0 = Release|x86
		{BADF5795-23A4-4000-97B0-FE7E50D8E2C2}.Debug|Any CPU.ActiveCfg = Debug|Any CPU
		{BADF5795-23A4-4000-97B0-FE7E50D8E2C2}.Debug|Any CPU.Build.0 = Debug|Any CPU
		{BADF5795-23A4-4000-97B0-FE7E50D8E2C2}.Debug|ARM.ActiveCfg = Debug|Any CPU
		{BADF5795-23A4-4000-97B0-FE7E50D8E2C2}.Debug|ARM.Build.0 = Debug|Any CPU
		{BADF5795-23A4-4000-97B0-FE7E50D8E2C2}.Debug|iPhone.ActiveCfg = Debug|Any CPU
		{BADF5795-23A4-4000-97B0-FE7E50D8E2C2}.Debug|iPhone.Build.0 = Debug|Any CPU
		{BADF5795-23A4-4000-97B0-FE7E50D8E2C2}.Debug|iPhoneSimulator.ActiveCfg = Debug|Any CPU
		{BADF5795-23A4-4000-97B0-FE7E50D8E2C2}.Debug|iPhoneSimulator.Build.0 = Debug|Any CPU
		{BADF5795-23A4-4000-97B0-FE7E50D8E2C2}.Debug|x86.ActiveCfg = Debug|Any CPU
		{BADF5795-23A4-4000-97B0-FE7E50D8E2C2}.Debug|x86.Build.0 = Debug|Any CPU
		{BADF5795-23A4-4000-97B0-FE7E50D8E2C2}.Release|Any CPU.ActiveCfg = Release|Any CPU
		{BADF5795-23A4-4000-97B0-FE7E50D8E2C2}.Release|Any CPU.Build.0 = Release|Any CPU
		{BADF5795-23A4-4000-97B0-FE7E50D8E2C2}.Release|ARM.ActiveCfg = Release|Any CPU
		{BADF5795-23A4-4000-97B0-FE7E50D8E2C2}.Release|ARM.Build.0 = Release|Any CPU
		{BADF5795-23A4-4000-97B0-FE7E50D8E2C2}.Release|iPhone.ActiveCfg = Release|Any CPU
		{BADF5795-23A4-4000-97B0-FE7E50D8E2C2}.Release|iPhone.Build.0 = Release|Any CPU
		{BADF5795-23A4-4000-97B0-FE7E50D8E2C2}.Release|iPhoneSimulator.ActiveCfg = Release|Any CPU
		{BADF5795-23A4-4000-97B0-FE7E50D8E2C2}.Release|iPhoneSimulator.Build.0 = Release|Any CPU
		{BADF5795-23A4-4000-97B0-FE7E50D8E2C2}.Release|x86.ActiveCfg = Release|Any CPU
		{BADF5795-23A4-4000-97B0-FE7E50D8E2C2}.Release|x86.Build.0 = Release|Any CPU
	EndGlobalSection
	GlobalSection(SolutionProperties) = preSolution
		HideSolutionNode = FALSE
	EndGlobalSection
EndGlobal
